
Microsoft Visual Studio Solution File, Format Version 12.00
# Visual Studio 14
VisualStudioVersion = 14.0.24720.0
MinimumVisualStudioVersion = 10.0.40219.1
Project("{F2A71F9B-5D33-465A-A702-920D77279786}") = "Angara.Chart", "..\..\src\Angara.Chart\Angara.Chart.fsproj", "{E20CB9EC-04EF-4E32-B085-ADAEB4615D4E}"
EndProject
Project("{F2A71F9B-5D33-465A-A702-920D77279786}") = "Angara.Chart.Tests", "..\..\src\Angara.Chart.Tests\Angara.Chart.Tests.fsproj", "{842A520F-FFDE-4F9C-9E40-363A737490DE}"
EndProject
Global
	GlobalSection(SolutionConfigurationPlatforms) = preSolution
		Debug|Any CPU = Debug|Any CPU
		Release|Any CPU = Release|Any CPU
	EndGlobalSection
	GlobalSection(ProjectConfigurationPlatforms) = postSolution
		{E20CB9EC-04EF-4E32-B085-ADAEB4615D4E}.Debug|Any CPU.ActiveCfg = Debug|Any CPU
		{E20CB9EC-04EF-4E32-B085-ADAEB4615D4E}.Debug|Any CPU.Build.0 = Debug|Any CPU
		{E20CB9EC-04EF-4E32-B085-ADAEB4615D4E}.Release|Any CPU.ActiveCfg = Release|Any CPU
		{E20CB9EC-04EF-4E32-B085-ADAEB4615D4E}.Release|Any CPU.Build.0 = Release|Any CPU
		{842A520F-FFDE-4F9C-9E40-363A737490DE}.Debug|Any CPU.ActiveCfg = Debug|Any CPU
		{842A520F-FFDE-4F9C-9E40-363A737490DE}.Debug|Any CPU.Build.0 = Debug|Any CPU
		{842A520F-FFDE-4F9C-9E40-363A737490DE}.Release|Any CPU.ActiveCfg = Release|Any CPU
		{842A520F-FFDE-4F9C-9E40-363A737490DE}.Release|Any CPU.Build.0 = Release|Any CPU
	EndGlobalSection
	GlobalSection(SolutionProperties) = preSolution
		HideSolutionNode = FALSE
	EndGlobalSection
EndGlobal
